
Microsoft Visual Studio Solution File, Format Version 12.00
# Visual Studio 15
Project("{FAE04EC0-301F-11D3-BF4B-00C04F79EFBC}") = "UnityEngine.TestRunner", "UnityEngine.TestRunner.csproj", "{7998F666-9BF1-D03D-8B2D-264FD459E206}"
EndProject
Project("{FAE04EC0-301F-11D3-BF4B-00C04F79EFBC}") = "UnityEngine.UI", "UnityEngine.UI.csproj", "{794AAE48-BE70-450C-B58E-3FE5870F3707}"
EndProject
Project("{FAE04EC0-301F-11D3-BF4B-00C04F79EFBC}") = "Unity.VisualScripting.Flow", "Unity.VisualScripting.Flow.csproj", "{7A295A5B-384B-D9EE-9AB4-4F97C911A701}"
EndProject
Project("{FAE04EC0-301F-11D3-BF4B-00C04F79EFBC}") = "Unity.Mathematics", "Unity.Mathematics.csproj", "{EAECE9EA-43C7-8CC4-A979-3A9ADFB1EF4F}"
EndProject
Project("{FAE04EC0-301F-11D3-BF4B-00C04F79EFBC}") = "Unity.VisualScripting.State", "Unity.VisualScripting.State.csproj", "{322AA765-8A6A-BE58-4241-69666AF4D70C}"
EndProject
Project("{FAE04EC0-301F-11D3-BF4B-00C04F79EFBC}") = "Unity.VisualScripting.Core", "Unity.VisualScripting.Core.csproj", "{55E05B67-AC1C-3436-75EF-46B302B42811}"
EndProject
Project("{FAE04EC0-301F-11D3-BF4B-00C04F79EFBC}") = "Unity.Burst", "Unity.Burst.csproj", "{DA11A6CA-8275-1421-5BF3-C8480486F6DD}"
EndProject
Project("{FAE04EC0-301F-11D3-BF4B-00C04F79EFBC}") = "Unity.2D.Animation.Runtime", "Unity.2D.Animation.Runtime.csproj", "{2C0C80CE-D029-602D-19A2-36575BBA00B0}"
EndProject
Project("{FAE04EC0-301F-11D3-BF4B-00C04F79EFBC}") = "Unity.TextMeshPro", "Unity.TextMeshPro.csproj", "{934010EE-C026-14A8-1FD7-953034869209}"
EndProject
Project("{FAE04EC0-301F-11D3-BF4B-00C04F79EFBC}") = "Unity.Timeline", "Unity.Timeline.csproj", "{8307FA9C-AFAB-80EA-B29F-CBB9585E98F0}"
EndProject
Project("{FAE04EC0-301F-11D3-BF4B-00C04F79EFBC}") = "Assembly-CSharp", "Assembly-CSharp.csproj", "{A5B705C6-D5A1-5815-5564-BC6E49B3256F}"
EndProject
Project("{FAE04EC0-301F-11D3-BF4B-00C04F79EFBC}") = "Unity.2D.SpriteShape.Runtime", "Unity.2D.SpriteShape.Runtime.csproj", "{3048C57E-4DBF-40A4-071B-4925C93CACF0}"
EndProject
Project("{FAE04EC0-301F-11D3-BF4B-00C04F79EFBC}") = "Unity.2D.PixelPerfect", "Unity.2D.PixelPerfect.csproj", "{F51CA334-589F-F093-B4AA-AE26FB94AF5D}"
EndProject
Project("{FAE04EC0-301F-11D3-BF4B-00C04F79EFBC}") = "Unity.2D.Common.Runtime", "Unity.2D.Common.Runtime.csproj", "{E666439F-B7F4-5AB5-EEB9-2A25B36E2764}"
EndProject
Project("{FAE04EC0-301F-11D3-BF4B-00C04F79EFBC}") = "Unity.2D.IK.Runtime", "Unity.2D.IK.Runtime.csproj", "{B3B2B7A3-30D7-C2B5-ECE5-63FB52C36656}"
EndProject
Project("{FAE04EC0-301F-11D3-BF4B-00C04F79EFBC}") = "Unity.2D.Tilemap.Extras", "Unity.2D.Tilemap.Extras.csproj", "{62178618-F679-F280-1846-0FD880CA5348}"
EndProject
Project("{FAE04EC0-301F-11D3-BF4B-00C04F79EFBC}") = "Unity.InternalAPIEngineBridge.001", "Unity.InternalAPIEngineBridge.001.csproj", "{71FDC936-5A4A-F9D4-9A71-DEB2A45B9487}"
EndProject
Project("{FAE04EC0-301F-11D3-BF4B-00C04F79EFBC}") = "Unity.PlasticSCM.Editor", "Unity.PlasticSCM.Editor.csproj", "{FF8C4F43-349A-0979-7E19-4BD1ADF31007}"
EndProject
Project("{FAE04EC0-301F-11D3-BF4B-00C04F79EFBC}") = "Unity.VisualScripting.Core.Editor", "Unity.VisualScripting.Core.Editor.csproj", "{BE94F220-4FB0-9FA3-02D3-747D3548BB42}"
EndProject
Project("{FAE04EC0-301F-11D3-BF4B-00C04F79EFBC}") = "Unity.VisualScripting.Flow.Editor", "Unity.VisualScripting.Flow.Editor.csproj", "{FB1E2EE2-2528-C348-7B58-3E503160D6C7}"
EndProject
Project("{FAE04EC0-301F-11D3-BF4B-00C04F79EFBC}") = "Unity.VisualStudio.Editor", "Unity.VisualStudio.Editor.csproj", "{94A571D3-F6D8-4A80-2781-08AC2F15B9D1}"
EndProject
Project("{FAE04EC0-301F-11D3-BF4B-00C04F79EFBC}") = "Unity.Timeline.Editor", "Unity.Timeline.Editor.csproj", "{237B12E9-0057-07D6-79EB-B09DA65E5DED}"
EndProject
Project("{FAE04EC0-301F-11D3-BF4B-00C04F79EFBC}") = "Unity.VisualScripting.State.Editor", "Unity.VisualScripting.State.Editor.csproj", "{CD62376A-6121-D61B-744F-12638CEA868F}"
EndProject
Project("{FAE04EC0-301F-11D3-BF4B-00C04F79EFBC}") = "Unity.TextMeshPro.Editor", "Unity.TextMeshPro.Editor.csproj", "{635DF558-8F2E-C29A-C391-3CB2720DEFBD}"
EndProject
Project("{FAE04EC0-301F-11D3-BF4B-00C04F79EFBC}") = "Unity.2D.PixelPerfect.Editor", "Unity.2D.PixelPerfect.Editor.csproj", "{B884FA81-68B7-376D-16DA-DF225B7CB057}"
EndProject
Project("{FAE04EC0-301F-11D3-BF4B-00C04F79EFBC}") = "Unity.2D.Animation.Editor", "Unity.2D.Animation.Editor.csproj", "{679E383D-AA8D-1139-CDD0-CE715695717B}"
EndProject
Project("{FAE04EC0-301F-11D3-BF4B-00C04F79EFBC}") = "Unity.VisualScripting.SettingsProvider.Editor", "Unity.VisualScripting.SettingsProvider.Editor.csproj", "{D8F3A2CB-9AE5-F96F-885E-FEF4E5143D83}"
EndProject
Project("{FAE04EC0-301F-11D3-BF4B-00C04F79EFBC}") = "Unity.2D.Psdimporter.Editor", "Unity.2D.Psdimporter.Editor.csproj", "{53F2B8E2-4014-3E21-A1A0-5EA3F0A67194}"
EndProject
Project("{FAE04EC0-301F-11D3-BF4B-00C04F79EFBC}") = "UnityEditor.TestRunner", "UnityEditor.TestRunner.csproj", "{4D9FEB45-0041-1763-EC36-1349DA29DB16}"
EndProject
Project("{FAE04EC0-301F-11D3-BF4B-00C04F79EFBC}") = "Unity.2D.Tilemap.Editor", "Unity.2D.Tilemap.Editor.csproj", "{1BE88124-E5FA-AA29-9BD1-BD7A46CB22FE}"
EndProject
Project("{FAE04EC0-301F-11D3-BF4B-00C04F79EFBC}") = "Unity.Rider.Editor", "Unity.Rider.Editor.csproj", "{CD5915F7-466E-6822-645E-D0E09333B96F}"
EndProject
Project("{FAE04EC0-301F-11D3-BF4B-00C04F79EFBC}") = "Unity.2D.Path.Editor", "Unity.2D.Path.Editor.csproj", "{0A53911A-6A7F-E49B-7E76-B5D7DDA29BB2}"
EndProject
Project("{FAE04EC0-301F-11D3-BF4B-00C04F79EFBC}") = "PsdPlugin", "PsdPlugin.csproj", "{E0E1922F-E252-2C7A-047D-44774847CA42}"
EndProject
Project("{FAE04EC0-301F-11D3-BF4B-00C04F79EFBC}") = "Unity.2D.IK.Editor", "Unity.2D.IK.Editor.csproj", "{AFB68191-5253-AE09-1FB5-44C640952927}"
EndProject
Project("{FAE04EC0-301F-11D3-BF4B-00C04F79EFBC}") = "Unity.2D.SpriteShape.Editor", "Unity.2D.SpriteShape.Editor.csproj", "{BA7CE0B7-0CA2-8B5D-2EAC-BCAD9CAA071F}"
EndProject
Project("{FAE04EC0-301F-11D3-BF4B-00C04F79EFBC}") = "Unity.Burst.CodeGen", "Unity.Burst.CodeGen.csproj", "{52453246-24C6-05FF-D863-320F31F068C4}"
EndProject
Project("{FAE04EC0-301F-11D3-BF4B-00C04F79EFBC}") = "Unity.VSCode.Editor", "Unity.VSCode.Editor.csproj", "{1831FABA-B0FF-189B-D3D7-6458BD572CD2}"
EndProject
Project("{FAE04EC0-301F-11D3-BF4B-00C04F79EFBC}") = "Unity.2D.Sprite.Editor", "Unity.2D.Sprite.Editor.csproj", "{5AC876FF-8107-612D-2541-268D3B4DA203}"
EndProject
Project("{FAE04EC0-301F-11D3-BF4B-00C04F79EFBC}") = "UnityEditor.UI", "UnityEditor.UI.csproj", "{5F756A4E-FB02-E791-9FF5-D6D126EEAF77}"
EndProject
Project("{FAE04EC0-301F-11D3-BF4B-00C04F79EFBC}") = "Unity.2D.Common.Editor", "Unity.2D.Common.Editor.csproj", "{593938E8-25DB-316A-2E36-58087ED40BD2}"
EndProject
Project("{FAE04EC0-301F-11D3-BF4B-00C04F79EFBC}") = "Unity.CollabProxy.Editor", "Unity.CollabProxy.Editor.csproj", "{63E986E9-CD0C-74C9-24DE-BA687437BF0D}"
EndProject
Project("{FAE04EC0-301F-11D3-BF4B-00C04F79EFBC}") = "Unity.Mathematics.Editor", "Unity.Mathematics.Editor.csproj", "{56827FDF-DC51-BC8B-54B7-6948E9E9BB9B}"
EndProject
Project("{FAE04EC0-301F-11D3-BF4B-00C04F79EFBC}") = "Unity.2D.Tilemap.Extras.Editor", "Unity.2D.Tilemap.Extras.Editor.csproj", "{159F6C70-1631-7451-4F3D-0F5D4F8C085C}"
EndProject
Project("{FAE04EC0-301F-11D3-BF4B-00C04F79EFBC}") = "Unity.Burst.Editor", "Unity.Burst.Editor.csproj", "{9734B03C-6884-0ABD-CCDA-99F5554CDC2C}"
EndProject
Project("{FAE04EC0-301F-11D3-BF4B-00C04F79EFBC}") = "Unity.InternalAPIEditorBridge.001", "Unity.InternalAPIEditorBridge.001.csproj", "{31C41FBD-10C9-3CF6-BA10-210C4C6CB72C}"
EndProject
Project("{FAE04EC0-301F-11D3-BF4B-00C04F79EFBC}") = "Unity.VisualScripting.Shared.Editor", "Unity.VisualScripting.Shared.Editor.csproj", "{6DD45383-0BBB-BF41-F191-378D200E04F8}"
EndProject
Project("{FAE04EC0-301F-11D3-BF4B-00C04F79EFBC}") = "UnityEngine.TestRunner", "UnityEngine.TestRunner.Player.csproj", "{7A0DF6B3-25EB-A3C4-BA87-6344BD643EF2}"
EndProject
Project("{FAE04EC0-301F-11D3-BF4B-00C04F79EFBC}") = "UnityEngine.UI", "UnityEngine.UI.Player.csproj", "{7156425D-CE68-7E4E-F7AC-FE259795E9E8}"
EndProject
Project("{FAE04EC0-301F-11D3-BF4B-00C04F79EFBC}") = "Unity.VisualScripting.Flow", "Unity.VisualScripting.Flow.Player.csproj", "{E0B6BB42-E171-B973-8A47-6EF1F27146B7}"
EndProject
Project("{FAE04EC0-301F-11D3-BF4B-00C04F79EFBC}") = "Unity.Mathematics", "Unity.Mathematics.Player.csproj", "{ABD9A671-0C71-788F-4266-C502AB843AC2}"
EndProject
Project("{FAE04EC0-301F-11D3-BF4B-00C04F79EFBC}") = "Unity.VisualScripting.State", "Unity.VisualScripting.State.Player.csproj", "{99CAD669-A03C-2D6C-6A0D-F0196D459D10}"
EndProject
Project("{FAE04EC0-301F-11D3-BF4B-00C04F79EFBC}") = "Unity.VisualScripting.Core", "Unity.VisualScripting.Core.Player.csproj", "{72ACCFE0-23FE-4158-98A3-E0104911DC64}"
EndProject
Project("{FAE04EC0-301F-11D3-BF4B-00C04F79EFBC}") = "Unity.Burst", "Unity.Burst.Player.csproj", "{57612775-EA47-44FF-F5C2-E74261C3537E}"
EndProject
Project("{FAE04EC0-301F-11D3-BF4B-00C04F79EFBC}") = "Unity.2D.Animation.Runtime", "Unity.2D.Animation.Runtime.Player.csproj", "{3C0BD8D8-98D8-2D62-3BB3-3AE546C0692E}"
EndProject
Project("{FAE04EC0-301F-11D3-BF4B-00C04F79EFBC}") = "Unity.TextMeshPro", "Unity.TextMeshPro.Player.csproj", "{EBCE01EC-7BF1-AFBB-4BCE-B873307D63D4}"
EndProject
Project("{FAE04EC0-301F-11D3-BF4B-00C04F79EFBC}") = "Unity.Timeline", "Unity.Timeline.Player.csproj", "{53AB918F-0A77-06A8-43AC-5CE893EC60A6}"
EndProject
Project("{FAE04EC0-301F-11D3-BF4B-00C04F79EFBC}") = "Assembly-CSharp", "Assembly-CSharp.Player.csproj", "{ECC28F74-22E6-4A4D-B976-3087EE2FFCE5}"
EndProject
Project("{FAE04EC0-301F-11D3-BF4B-00C04F79EFBC}") = "Unity.2D.SpriteShape.Runtime", "Unity.2D.SpriteShape.Runtime.Player.csproj", "{99B6CB81-9B50-0AB8-EA6B-53100F0F3E45}"
EndProject
Project("{FAE04EC0-301F-11D3-BF4B-00C04F79EFBC}") = "Unity.2D.PixelPerfect", "Unity.2D.PixelPerfect.Player.csproj", "{4A0122A7-3939-57CB-14AB-49913440F089}"
EndProject
Project("{FAE04EC0-301F-11D3-BF4B-00C04F79EFBC}") = "Unity.2D.Common.Runtime", "Unity.2D.Common.Runtime.Player.csproj", "{1C8EA4AF-AEAA-6798-3D01-B7FCCD52CDF3}"
EndProject
Project("{FAE04EC0-301F-11D3-BF4B-00C04F79EFBC}") = "Unity.2D.IK.Runtime", "Unity.2D.IK.Runtime.Player.csproj", "{D7B74B77-97C0-5E27-6FD6-E9C1543274A3}"
EndProject
Project("{FAE04EC0-301F-11D3-BF4B-00C04F79EFBC}") = "Unity.2D.Tilemap.Extras", "Unity.2D.Tilemap.Extras.Player.csproj", "{D3B4870F-A148-D61D-90A4-507AF4121584}"
EndProject
Project("{FAE04EC0-301F-11D3-BF4B-00C04F79EFBC}") = "Unity.InternalAPIEngineBridge.001", "Unity.InternalAPIEngineBridge.001.Player.csproj", "{6631DD11-E994-0DD0-1011-01E81897C747}"
EndProject
Global
	GlobalSection(SolutionConfigurationPlatforms) = preSolution
		Debug|Any CPU = Debug|Any CPU
		Release|Any CPU = Release|Any CPU
	EndGlobalSection
	GlobalSection(ProjectConfigurationPlatforms) = postSolution
		{7998F666-9BF1-D03D-8B2D-264FD459E206}.Debug|Any CPU.ActiveCfg = Debug|Any CPU
		{7998F666-9BF1-D03D-8B2D-264FD459E206}.Debug|Any CPU.Build.0 = Debug|Any CPU
		{7998F666-9BF1-D03D-8B2D-264FD459E206}.Release|Any CPU.ActiveCfg = Release|Any CPU
		{7998F666-9BF1-D03D-8B2D-264FD459E206}.Release|Any CPU.Build.0 = Release|Any CPU
		{794AAE48-BE70-450C-B58E-3FE5870F3707}.Debug|Any CPU.ActiveCfg = Debug|Any CPU
		{794AAE48-BE70-450C-B58E-3FE5870F3707}.Debug|Any CPU.Build.0 = Debug|Any CPU
		{794AAE48-BE70-450C-B58E-3FE5870F3707}.Release|Any CPU.ActiveCfg = Release|Any CPU
		{794AAE48-BE70-450C-B58E-3FE5870F3707}.Release|Any CPU.Build.0 = Release|Any CPU
		{7A295A5B-384B-D9EE-9AB4-4F97C911A701}.Debug|Any CPU.ActiveCfg = Debug|Any CPU
		{7A295A5B-384B-D9EE-9AB4-4F97C911A701}.Debug|Any CPU.Build.0 = Debug|Any CPU
		{7A295A5B-384B-D9EE-9AB4-4F97C911A701}.Release|Any CPU.ActiveCfg = Release|Any CPU
		{7A295A5B-384B-D9EE-9AB4-4F97C911A701}.Release|Any CPU.Build.0 = Release|Any CPU
		{EAECE9EA-43C7-8CC4-A979-3A9ADFB1EF4F}.Debug|Any CPU.ActiveCfg = Debug|Any CPU
		{EAECE9EA-43C7-8CC4-A979-3A9ADFB1EF4F}.Debug|Any CPU.Build.0 = Debug|Any CPU
		{EAECE9EA-43C7-8CC4-A979-3A9ADFB1EF4F}.Release|Any CPU.ActiveCfg = Release|Any CPU
		{EAECE9EA-43C7-8CC4-A979-3A9ADFB1EF4F}.Release|Any CPU.Build.0 = Release|Any CPU
		{322AA765-8A6A-BE58-4241-69666AF4D70C}.Debug|Any CPU.ActiveCfg = Debug|Any CPU
		{322AA765-8A6A-BE58-4241-69666AF4D70C}.Debug|Any CPU.Build.0 = Debug|Any CPU
		{322AA765-8A6A-BE58-4241-69666AF4D70C}.Release|Any CPU.ActiveCfg = Release|Any CPU
		{322AA765-8A6A-BE58-4241-69666AF4D70C}.Release|Any CPU.Build.0 = Release|Any CPU
		{55E05B67-AC1C-3436-75EF-46B302B42811}.Debug|Any CPU.ActiveCfg = Debug|Any CPU
		{55E05B67-AC1C-3436-75EF-46B302B42811}.Debug|Any CPU.Build.0 = Debug|Any CPU
		{55E05B67-AC1C-3436-75EF-46B302B42811}.Release|Any CPU.ActiveCfg = Release|Any CPU
		{55E05B67-AC1C-3436-75EF-46B302B42811}.Release|Any CPU.Build.0 = Release|Any CPU
		{DA11A6CA-8275-1421-5BF3-C8480486F6DD}.Debug|Any CPU.ActiveCfg = Debug|Any CPU
		{DA11A6CA-8275-1421-5BF3-C8480486F6DD}.Debug|Any CPU.Build.0 = Debug|Any CPU
		{DA11A6CA-8275-1421-5BF3-C8480486F6DD}.Release|Any CPU.ActiveCfg = Release|Any CPU
		{DA11A6CA-8275-1421-5BF3-C8480486F6DD}.Release|Any CPU.Build.0 = Release|Any CPU
		{2C0C80CE-D029-602D-19A2-36575BBA00B0}.Debug|Any CPU.ActiveCfg = Debug|Any CPU
		{2C0C80CE-D029-602D-19A2-36575BBA00B0}.Debug|Any CPU.Build.0 = Debug|Any CPU
		{2C0C80CE-D029-602D-19A2-36575BBA00B0}.Release|Any CPU.ActiveCfg = Release|Any CPU
		{2C0C80CE-D029-602D-19A2-36575BBA00B0}.Release|Any CPU.Build.0 = Release|Any CPU
		{934010EE-C026-14A8-1FD7-953034869209}.Debug|Any CPU.ActiveCfg = Debug|Any CPU
		{934010EE-C026-14A8-1FD7-953034869209}.Debug|Any CPU.Build.0 = Debug|Any CPU
		{934010EE-C026-14A8-1FD7-953034869209}.Release|Any CPU.ActiveCfg = Release|Any CPU
		{934010EE-C026-14A8-1FD7-953034869209}.Release|Any CPU.Build.0 = Release|Any CPU
		{8307FA9C-AFAB-80EA-B29F-CBB9585E98F0}.Debug|Any CPU.ActiveCfg = Debug|Any CPU
		{8307FA9C-AFAB-80EA-B29F-CBB9585E98F0}.Debug|Any CPU.Build.0 = Debug|Any CPU
		{8307FA9C-AFAB-80EA-B29F-CBB9585E98F0}.Release|Any CPU.ActiveCfg = Release|Any CPU
		{8307FA9C-AFAB-80EA-B29F-CBB9585E98F0}.Release|Any CPU.Build.0 = Release|Any CPU
		{A5B705C6-D5A1-5815-5564-BC6E49B3256F}.Debug|Any CPU.ActiveCfg = Debug|Any CPU
		{A5B705C6-D5A1-5815-5564-BC6E49B3256F}.Debug|Any CPU.Build.0 = Debug|Any CPU
		{A5B705C6-D5A1-5815-5564-BC6E49B3256F}.Release|Any CPU.ActiveCfg = Release|Any CPU
		{A5B705C6-D5A1-5815-5564-BC6E49B3256F}.Release|Any CPU.Build.0 = Release|Any CPU
		{3048C57E-4DBF-40A4-071B-4925C93CACF0}.Debug|Any CPU.ActiveCfg = Debug|Any CPU
		{3048C57E-4DBF-40A4-071B-4925C93CACF0}.Debug|Any CPU.Build.0 = Debug|Any CPU
		{3048C57E-4DBF-40A4-071B-4925C93CACF0}.Release|Any CPU.ActiveCfg = Release|Any CPU
		{3048C57E-4DBF-40A4-071B-4925C93CACF0}.Release|Any CPU.Build.0 = Release|Any CPU
		{F51CA334-589F-F093-B4AA-AE26FB94AF5D}.Debug|Any CPU.ActiveCfg = Debug|Any CPU
		{F51CA334-589F-F093-B4AA-AE26FB94AF5D}.Debug|Any CPU.Build.0 = Debug|Any CPU
		{F51CA334-589F-F093-B4AA-AE26FB94AF5D}.Release|Any CPU.ActiveCfg = Release|Any CPU
		{F51CA334-589F-F093-B4AA-AE26FB94AF5D}.Release|Any CPU.Build.0 = Release|Any CPU
		{E666439F-B7F4-5AB5-EEB9-2A25B36E2764}.Debug|Any CPU.ActiveCfg = Debug|Any CPU
		{E666439F-B7F4-5AB5-EEB9-2A25B36E2764}.Debug|Any CPU.Build.0 = Debug|Any CPU
		{E666439F-B7F4-5AB5-EEB9-2A25B36E2764}.Release|Any CPU.ActiveCfg = Release|Any CPU
		{E666439F-B7F4-5AB5-EEB9-2A25B36E2764}.Release|Any CPU.Build.0 = Release|Any CPU
		{B3B2B7A3-30D7-C2B5-ECE5-63FB52C36656}.Debug|Any CPU.ActiveCfg = Debug|Any CPU
		{B3B2B7A3-30D7-C2B5-ECE5-63FB52C36656}.Debug|Any CPU.Build.0 = Debug|Any CPU
		{B3B2B7A3-30D7-C2B5-ECE5-63FB52C36656}.Release|Any CPU.ActiveCfg = Release|Any CPU
		{B3B2B7A3-30D7-C2B5-ECE5-63FB52C36656}.Release|Any CPU.Build.0 = Release|Any CPU
		{62178618-F679-F280-1846-0FD880CA5348}.Debug|Any CPU.ActiveCfg = Debug|Any CPU
		{62178618-F679-F280-1846-0FD880CA5348}.Debug|Any CPU.Build.0 = Debug|Any CPU
		{62178618-F679-F280-1846-0FD880CA5348}.Release|Any CPU.ActiveCfg = Release|Any CPU
		{62178618-F679-F280-1846-0FD880CA5348}.Release|Any CPU.Build.0 = Release|Any CPU
		{71FDC936-5A4A-F9D4-9A71-DEB2A45B9487}.Debug|Any CPU.ActiveCfg = Debug|Any CPU
		{71FDC936-5A4A-F9D4-9A71-DEB2A45B9487}.Debug|Any CPU.Build.0 = Debug|Any CPU
		{71FDC936-5A4A-F9D4-9A71-DEB2A45B9487}.Release|Any CPU.ActiveCfg = Release|Any CPU
		{71FDC936-5A4A-F9D4-9A71-DEB2A45B9487}.Release|Any CPU.Build.0 = Release|Any CPU
		{FF8C4F43-349A-0979-7E19-4BD1ADF31007}.Debug|Any CPU.ActiveCfg = Debug|Any CPU
		{FF8C4F43-349A-0979-7E19-4BD1ADF31007}.Debug|Any CPU.Build.0 = Debug|Any CPU
		{FF8C4F43-349A-0979-7E19-4BD1ADF31007}.Release|Any CPU.ActiveCfg = Release|Any CPU
		{FF8C4F43-349A-0979-7E19-4BD1ADF31007}.Release|Any CPU.Build.0 = Release|Any CPU
		{BE94F220-4FB0-9FA3-02D3-747D3548BB42}.Debug|Any CPU.ActiveCfg = Debug|Any CPU
		{BE94F220-4FB0-9FA3-02D3-747D3548BB42}.Debug|Any CPU.Build.0 = Debug|Any CPU
		{BE94F220-4FB0-9FA3-02D3-747D3548BB42}.Release|Any CPU.ActiveCfg = Release|Any CPU
		{BE94F220-4FB0-9FA3-02D3-747D3548BB42}.Release|Any CPU.Build.0 = Release|Any CPU
		{FB1E2EE2-2528-C348-7B58-3E503160D6C7}.Debug|Any CPU.ActiveCfg = Debug|Any CPU
		{FB1E2EE2-2528-C348-7B58-3E503160D6C7}.Debug|Any CPU.Build.0 = Debug|Any CPU
		{FB1E2EE2-2528-C348-7B58-3E503160D6C7}.Release|Any CPU.ActiveCfg = Release|Any CPU
		{FB1E2EE2-2528-C348-7B58-3E503160D6C7}.Release|Any CPU.Build.0 = Release|Any CPU
		{94A571D3-F6D8-4A80-2781-08AC2F15B9D1}.Debug|Any CPU.ActiveCfg = Debug|Any CPU
		{94A571D3-F6D8-4A80-2781-08AC2F15B9D1}.Debug|Any CPU.Build.0 = Debug|Any CPU
		{94A571D3-F6D8-4A80-2781-08AC2F15B9D1}.Release|Any CPU.ActiveCfg = Release|Any CPU
		{94A571D3-F6D8-4A80-2781-08AC2F15B9D1}.Release|Any CPU.Build.0 = Release|Any CPU
		{237B12E9-0057-07D6-79EB-B09DA65E5DED}.Debug|Any CPU.ActiveCfg = Debug|Any CPU
		{237B12E9-0057-07D6-79EB-B09DA65E5DED}.Debug|Any CPU.Build.0 = Debug|Any CPU
		{237B12E9-0057-07D6-79EB-B09DA65E5DED}.Release|Any CPU.ActiveCfg = Release|Any CPU
		{237B12E9-0057-07D6-79EB-B09DA65E5DED}.Release|Any CPU.Build.0 = Release|Any CPU
		{CD62376A-6121-D61B-744F-12638CEA868F}.Debug|Any CPU.ActiveCfg = Debug|Any CPU
		{CD62376A-6121-D61B-744F-12638CEA868F}.Debug|Any CPU.Build.0 = Debug|Any CPU
		{CD62376A-6121-D61B-744F-12638CEA868F}.Release|Any CPU.ActiveCfg = Release|Any CPU
		{CD62376A-6121-D61B-744F-12638CEA868F}.Release|Any CPU.Build.0 = Release|Any CPU
		{635DF558-8F2E-C29A-C391-3CB2720DEFBD}.Debug|Any CPU.ActiveCfg = Debug|Any CPU
		{635DF558-8F2E-C29A-C391-3CB2720DEFBD}.Debug|Any CPU.Build.0 = Debug|Any CPU
		{635DF558-8F2E-C29A-C391-3CB2720DEFBD}.Release|Any CPU.ActiveCfg = Release|Any CPU
		{635DF558-8F2E-C29A-C391-3CB2720DEFBD}.Release|Any CPU.Build.0 = Release|Any CPU
		{B884FA81-68B7-376D-16DA-DF225B7CB057}.Debug|Any CPU.ActiveCfg = Debug|Any CPU
		{B884FA81-68B7-376D-16DA-DF225B7CB057}.Debug|Any CPU.Build.0 = Debug|Any CPU
		{B884FA81-68B7-376D-16DA-DF225B7CB057}.Release|Any CPU.ActiveCfg = Release|Any CPU
		{B884FA81-68B7-376D-16DA-DF225B7CB057}.Release|Any CPU.Build.0 = Release|Any CPU
		{679E383D-AA8D-1139-CDD0-CE715695717B}.Debug|Any CPU.ActiveCfg = Debug|Any CPU
		{679E383D-AA8D-1139-CDD0-CE715695717B}.Debug|Any CPU.Build.0 = Debug|Any CPU
		{679E383D-AA8D-1139-CDD0-CE715695717B}.Release|Any CPU.ActiveCfg = Release|Any CPU
		{679E383D-AA8D-1139-CDD0-CE715695717B}.Release|Any CPU.Build.0 = Release|Any CPU
		{D8F3A2CB-9AE5-F96F-885E-FEF4E5143D83}.Debug|Any CPU.ActiveCfg = Debug|Any CPU
		{D8F3A2CB-9AE5-F96F-885E-FEF4E5143D83}.Debug|Any CPU.Build.0 = Debug|Any CPU
		{D8F3A2CB-9AE5-F96F-885E-FEF4E5143D83}.Release|Any CPU.ActiveCfg = Release|Any CPU
		{D8F3A2CB-9AE5-F96F-885E-FEF4E5143D83}.Release|Any CPU.Build.0 = Release|Any CPU
		{53F2B8E2-4014-3E21-A1A0-5EA3F0A67194}.Debug|Any CPU.ActiveCfg = Debug|Any CPU
		{53F2B8E2-4014-3E21-A1A0-5EA3F0A67194}.Debug|Any CPU.Build.0 = Debug|Any CPU
		{53F2B8E2-4014-3E21-A1A0-5EA3F0A67194}.Release|Any CPU.ActiveCfg = Release|Any CPU
		{53F2B8E2-4014-3E21-A1A0-5EA3F0A67194}.Release|Any CPU.Build.0 = Release|Any CPU
		{4D9FEB45-0041-1763-EC36-1349DA29DB16}.Debug|Any CPU.ActiveCfg = Debug|Any CPU
		{4D9FEB45-0041-1763-EC36-1349DA29DB16}.Debug|Any CPU.Build.0 = Debug|Any CPU
		{4D9FEB45-0041-1763-EC36-1349DA29DB16}.Release|Any CPU.ActiveCfg = Release|Any CPU
		{4D9FEB45-0041-1763-EC36-1349DA29DB16}.Release|Any CPU.Build.0 = Release|Any CPU
		{1BE88124-E5FA-AA29-9BD1-BD7A46CB22FE}.Debug|Any CPU.ActiveCfg = Debug|Any CPU
		{1BE88124-E5FA-AA29-9BD1-BD7A46CB22FE}.Debug|Any CPU.Build.0 = Debug|Any CPU
		{1BE88124-E5FA-AA29-9BD1-BD7A46CB22FE}.Release|Any CPU.ActiveCfg = Release|Any CPU
		{1BE88124-E5FA-AA29-9BD1-BD7A46CB22FE}.Release|Any CPU.Build.0 = Release|Any CPU
		{CD5915F7-466E-6822-645E-D0E09333B96F}.Debug|Any CPU.ActiveCfg = Debug|Any CPU
		{CD5915F7-466E-6822-645E-D0E09333B96F}.Debug|Any CPU.Build.0 = Debug|Any CPU
		{CD5915F7-466E-6822-645E-D0E09333B96F}.Release|Any CPU.ActiveCfg = Release|Any CPU
		{CD5915F7-466E-6822-645E-D0E09333B96F}.Release|Any CPU.Build.0 = Release|Any CPU
		{0A53911A-6A7F-E49B-7E76-B5D7DDA29BB2}.Debug|Any CPU.ActiveCfg = Debug|Any CPU
		{0A53911A-6A7F-E49B-7E76-B5D7DDA29BB2}.Debug|Any CPU.Build.0 = Debug|Any CPU
		{0A53911A-6A7F-E49B-7E76-B5D7DDA29BB2}.Release|Any CPU.ActiveCfg = Release|Any CPU
		{0A53911A-6A7F-E49B-7E76-B5D7DDA29BB2}.Release|Any CPU.Build.0 = Release|Any CPU
		{E0E1922F-E252-2C7A-047D-44774847CA42}.Debug|Any CPU.ActiveCfg = Debug|Any CPU
		{E0E1922F-E252-2C7A-047D-44774847CA42}.Debug|Any CPU.Build.0 = Debug|Any CPU
		{E0E1922F-E252-2C7A-047D-44774847CA42}.Release|Any CPU.ActiveCfg = Release|Any CPU
		{E0E1922F-E252-2C7A-047D-44774847CA42}.Release|Any CPU.Build.0 = Release|Any CPU
		{AFB68191-5253-AE09-1FB5-44C640952927}.Debug|Any CPU.ActiveCfg = Debug|Any CPU
		{AFB68191-5253-AE09-1FB5-44C640952927}.Debug|Any CPU.Build.0 = Debug|Any CPU
		{AFB68191-5253-AE09-1FB5-44C640952927}.Release|Any CPU.ActiveCfg = Release|Any CPU
		{AFB68191-5253-AE09-1FB5-44C640952927}.Release|Any CPU.Build.0 = Release|Any CPU
		{BA7CE0B7-0CA2-8B5D-2EAC-BCAD9CAA071F}.Debug|Any CPU.ActiveCfg = Debug|Any CPU
		{BA7CE0B7-0CA2-8B5D-2EAC-BCAD9CAA071F}.Debug|Any CPU.Build.0 = Debug|Any CPU
		{BA7CE0B7-0CA2-8B5D-2EAC-BCAD9CAA071F}.Release|Any CPU.ActiveCfg = Release|Any CPU
		{BA7CE0B7-0CA2-8B5D-2EAC-BCAD9CAA071F}.Release|Any CPU.Build.0 = Release|Any CPU
		{52453246-24C6-05FF-D863-320F31F068C4}.Debug|Any CPU.ActiveCfg = Debug|Any CPU
		{52453246-24C6-05FF-D863-320F31F068C4}.Debug|Any CPU.Build.0 = Debug|Any CPU
		{52453246-24C6-05FF-D863-320F31F068C4}.Release|Any CPU.ActiveCfg = Release|Any CPU
		{52453246-24C6-05FF-D863-320F31F068C4}.Release|Any CPU.Build.0 = Release|Any CPU
		{1831FABA-B0FF-189B-D3D7-6458BD572CD2}.Debug|Any CPU.ActiveCfg = Debug|Any CPU
		{1831FABA-B0FF-189B-D3D7-6458BD572CD2}.Debug|Any CPU.Build.0 = Debug|Any CPU
		{1831FABA-B0FF-189B-D3D7-6458BD572CD2}.Release|Any CPU.ActiveCfg = Release|Any CPU
		{1831FABA-B0FF-189B-D3D7-6458BD572CD2}.Release|Any CPU.Build.0 = Release|Any CPU
		{5AC876FF-8107-612D-2541-268D3B4DA203}.Debug|Any CPU.ActiveCfg = Debug|Any CPU
		{5AC876FF-8107-612D-2541-268D3B4DA203}.Debug|Any CPU.Build.0 = Debug|Any CPU
		{5AC876FF-8107-612D-2541-268D3B4DA203}.Release|Any CPU.ActiveCfg = Release|Any CPU
		{5AC876FF-8107-612D-2541-268D3B4DA203}.Release|Any CPU.Build.0 = Release|Any CPU
		{5F756A4E-FB02-E791-9FF5-D6D126EEAF77}.Debug|Any CPU.ActiveCfg = Debug|Any CPU
		{5F756A4E-FB02-E791-9FF5-D6D126EEAF77}.Debug|Any CPU.Build.0 = Debug|Any CPU
		{5F756A4E-FB02-E791-9FF5-D6D126EEAF77}.Release|Any CPU.ActiveCfg = Release|Any CPU
		{5F756A4E-FB02-E791-9FF5-D6D126EEAF77}.Release|Any CPU.Build.0 = Release|Any CPU
		{593938E8-25DB-316A-2E36-58087ED40BD2}.Debug|Any CPU.ActiveCfg = Debug|Any CPU
		{593938E8-25DB-316A-2E36-58087ED40BD2}.Debug|Any CPU.Build.0 = Debug|Any CPU
		{593938E8-25DB-316A-2E36-58087ED40BD2}.Release|Any CPU.ActiveCfg = Release|Any CPU
		{593938E8-25DB-316A-2E36-58087ED40BD2}.Release|Any CPU.Build.0 = Release|Any CPU
		{63E986E9-CD0C-74C9-24DE-BA687437BF0D}.Debug|Any CPU.ActiveCfg = Debug|Any CPU
		{63E986E9-CD0C-74C9-24DE-BA687437BF0D}.Debug|Any CPU.Build.0 = Debug|Any CPU
		{63E986E9-CD0C-74C9-24DE-BA687437BF0D}.Release|Any CPU.ActiveCfg = Release|Any CPU
		{63E986E9-CD0C-74C9-24DE-BA687437BF0D}.Release|Any CPU.Build.0 = Release|Any CPU
		{56827FDF-DC51-BC8B-54B7-6948E9E9BB9B}.Debug|Any CPU.ActiveCfg = Debug|Any CPU
		{56827FDF-DC51-BC8B-54B7-6948E9E9BB9B}.Debug|Any CPU.Build.0 = Debug|Any CPU
		{56827FDF-DC51-BC8B-54B7-6948E9E9BB9B}.Release|Any CPU.ActiveCfg = Release|Any CPU
		{56827FDF-DC51-BC8B-54B7-6948E9E9BB9B}.Release|Any CPU.Build.0 = Release|Any CPU
		{159F6C70-1631-7451-4F3D-0F5D4F8C085C}.Debug|Any CPU.ActiveCfg = Debug|Any CPU
		{159F6C70-1631-7451-4F3D-0F5D4F8C085C}.Debug|Any CPU.Build.0 = Debug|Any CPU
		{159F6C70-1631-7451-4F3D-0F5D4F8C085C}.Release|Any CPU.ActiveCfg = Release|Any CPU
		{159F6C70-1631-7451-4F3D-0F5D4F8C085C}.Release|Any CPU.Build.0 = Release|Any CPU
		{9734B03C-6884-0ABD-CCDA-99F5554CDC2C}.Debug|Any CPU.ActiveCfg = Debug|Any CPU
		{9734B03C-6884-0ABD-CCDA-99F5554CDC2C}.Debug|Any CPU.Build.0 = Debug|Any CPU
		{9734B03C-6884-0ABD-CCDA-99F5554CDC2C}.Release|Any CPU.ActiveCfg = Release|Any CPU
		{9734B03C-6884-0ABD-CCDA-99F5554CDC2C}.Release|Any CPU.Build.0 = Release|Any CPU
		{31C41FBD-10C9-3CF6-BA10-210C4C6CB72C}.Debug|Any CPU.ActiveCfg = Debug|Any CPU
		{31C41FBD-10C9-3CF6-BA10-210C4C6CB72C}.Debug|Any CPU.Build.0 = Debug|Any CPU
		{31C41FBD-10C9-3CF6-BA10-210C4C6CB72C}.Release|Any CPU.ActiveCfg = Release|Any CPU
		{31C41FBD-10C9-3CF6-BA10-210C4C6CB72C}.Release|Any CPU.Build.0 = Release|Any CPU
		{6DD45383-0BBB-BF41-F191-378D200E04F8}.Debug|Any CPU.ActiveCfg = Debug|Any CPU
		{6DD45383-0BBB-BF41-F191-378D200E04F8}.Debug|Any CPU.Build.0 = Debug|Any CPU
		{6DD45383-0BBB-BF41-F191-378D200E04F8}.Release|Any CPU.ActiveCfg = Release|Any CPU
		{6DD45383-0BBB-BF41-F191-378D200E04F8}.Release|Any CPU.Build.0 = Release|Any CPU
		{7A0DF6B3-25EB-A3C4-BA87-6344BD643EF2}.Debug|Any CPU.ActiveCfg = Debug|Any CPU
		{7A0DF6B3-25EB-A3C4-BA87-6344BD643EF2}.Debug|Any CPU.Build.0 = Debug|Any CPU
		{7A0DF6B3-25EB-A3C4-BA87-6344BD643EF2}.Release|Any CPU.ActiveCfg = Release|Any CPU
		{7A0DF6B3-25EB-A3C4-BA87-6344BD643EF2}.Release|Any CPU.Build.0 = Release|Any CPU
		{7156425D-CE68-7E4E-F7AC-FE259795E9E8}.Debug|Any CPU.ActiveCfg = Debug|Any CPU
		{7156425D-CE68-7E4E-F7AC-FE259795E9E8}.Debug|Any CPU.Build.0 = Debug|Any CPU
		{7156425D-CE68-7E4E-F7AC-FE259795E9E8}.Release|Any CPU.ActiveCfg = Release|Any CPU
		{7156425D-CE68-7E4E-F7AC-FE259795E9E8}.Release|Any CPU.Build.0 = Release|Any CPU
		{E0B6BB42-E171-B973-8A47-6EF1F27146B7}.Debug|Any CPU.ActiveCfg = Debug|Any CPU
		{E0B6BB42-E171-B973-8A47-6EF1F27146B7}.Debug|Any CPU.Build.0 = Debug|Any CPU
		{E0B6BB42-E171-B973-8A47-6EF1F27146B7}.Release|Any CPU.ActiveCfg = Release|Any CPU
		{E0B6BB42-E171-B973-8A47-6EF1F27146B7}.Release|Any CPU.Build.0 = Release|Any CPU
		{ABD9A671-0C71-788F-4266-C502AB843AC2}.Debug|Any CPU.ActiveCfg = Debug|Any CPU
		{ABD9A671-0C71-788F-4266-C502AB843AC2}.Debug|Any CPU.Build.0 = Debug|Any CPU
		{ABD9A671-0C71-788F-4266-C502AB843AC2}.Release|Any CPU.ActiveCfg = Release|Any CPU
		{ABD9A671-0C71-788F-4266-C502AB843AC2}.Release|Any CPU.Build.0 = Release|Any CPU
		{99CAD669-A03C-2D6C-6A0D-F0196D459D10}.Debug|Any CPU.ActiveCfg = Debug|Any CPU
		{99CAD669-A03C-2D6C-6A0D-F0196D459D10}.Debug|Any CPU.Build.0 = Debug|Any CPU
		{99CAD669-A03C-2D6C-6A0D-F0196D459D10}.Release|Any CPU.ActiveCfg = Release|Any CPU
		{99CAD669-A03C-2D6C-6A0D-F0196D459D10}.Release|Any CPU.Build.0 = Release|Any CPU
		{72ACCFE0-23FE-4158-98A3-E0104911DC64}.Debug|Any CPU.ActiveCfg = Debug|Any CPU
		{72ACCFE0-23FE-4158-98A3-E0104911DC64}.Debug|Any CPU.Build.0 = Debug|Any CPU
		{72ACCFE0-23FE-4158-98A3-E0104911DC64}.Release|Any CPU.ActiveCfg = Release|Any CPU
		{72ACCFE0-23FE-4158-98A3-E0104911DC64}.Release|Any CPU.Build.0 = Release|Any CPU
		{57612775-EA47-44FF-F5C2-E74261C3537E}.Debug|Any CPU.ActiveCfg = Debug|Any CPU
		{57612775-EA47-44FF-F5C2-E74261C3537E}.Debug|Any CPU.Build.0 = Debug|Any CPU
		{57612775-EA47-44FF-F5C2-E74261C3537E}.Release|Any CPU.ActiveCfg = Release|Any CPU
		{57612775-EA47-44FF-F5C2-E74261C3537E}.Release|Any CPU.Build.0 = Release|Any CPU
		{3C0BD8D8-98D8-2D62-3BB3-3AE546C0692E}.Debug|Any CPU.ActiveCfg = Debug|Any CPU
		{3C0BD8D8-98D8-2D62-3BB3-3AE546C0692E}.Debug|Any CPU.Build.0 = Debug|Any CPU
		{3C0BD8D8-98D8-2D62-3BB3-3AE546C0692E}.Release|Any CPU.ActiveCfg = Release|Any CPU
		{3C0BD8D8-98D8-2D62-3BB3-3AE546C0692E}.Release|Any CPU.Build.0 = Release|Any CPU
		{EBCE01EC-7BF1-AFBB-4BCE-B873307D63D4}.Debug|Any CPU.ActiveCfg = Debug|Any CPU
		{EBCE01EC-7BF1-AFBB-4BCE-B873307D63D4}.Debug|Any CPU.Build.0 = Debug|Any CPU
		{EBCE01EC-7BF1-AFBB-4BCE-B873307D63D4}.Release|Any CPU.ActiveCfg = Release|Any CPU
		{EBCE01EC-7BF1-AFBB-4BCE-B873307D63D4}.Release|Any CPU.Build.0 = Release|Any CPU
		{53AB918F-0A77-06A8-43AC-5CE893EC60A6}.Debug|Any CPU.ActiveCfg = Debug|Any CPU
		{53AB918F-0A77-06A8-43AC-5CE893EC60A6}.Debug|Any CPU.Build.0 = Debug|Any CPU
		{53AB918F-0A77-06A8-43AC-5CE893EC60A6}.Release|Any CPU.ActiveCfg = Release|Any CPU
		{53AB918F-0A77-06A8-43AC-5CE893EC60A6}.Release|Any CPU.Build.0 = Release|Any CPU
		{ECC28F74-22E6-4A4D-B976-3087EE2FFCE5}.Debug|Any CPU.ActiveCfg = Debug|Any CPU
		{ECC28F74-22E6-4A4D-B976-3087EE2FFCE5}.Debug|Any CPU.Build.0 = Debug|Any CPU
		{ECC28F74-22E6-4A4D-B976-3087EE2FFCE5}.Release|Any CPU.ActiveCfg = Release|Any CPU
		{ECC28F74-22E6-4A4D-B976-3087EE2FFCE5}.Release|Any CPU.Build.0 = Release|Any CPU
		{99B6CB81-9B50-0AB8-EA6B-53100F0F3E45}.Debug|Any CPU.ActiveCfg = Debug|Any CPU
		{99B6CB81-9B50-0AB8-EA6B-53100F0F3E45}.Debug|Any CPU.Build.0 = Debug|Any CPU
		{99B6CB81-9B50-0AB8-EA6B-53100F0F3E45}.Release|Any CPU.ActiveCfg = Release|Any CPU
		{99B6CB81-9B50-0AB8-EA6B-53100F0F3E45}.Release|Any CPU.Build.0 = Release|Any CPU
		{4A0122A7-3939-57CB-14AB-49913440F089}.Debug|Any CPU.ActiveCfg = Debug|Any CPU
		{4A0122A7-3939-57CB-14AB-49913440F089}.Debug|Any CPU.Build.0 = Debug|Any CPU
		{4A0122A7-3939-57CB-14AB-49913440F089}.Release|Any CPU.ActiveCfg = Release|Any CPU
		{4A0122A7-3939-57CB-14AB-49913440F089}.Release|Any CPU.Build.0 = Release|Any CPU
		{1C8EA4AF-AEAA-6798-3D01-B7FCCD52CDF3}.Debug|Any CPU.ActiveCfg = Debug|Any CPU
		{1C8EA4AF-AEAA-6798-3D01-B7FCCD52CDF3}.Debug|Any CPU.Build.0 = Debug|Any CPU
		{1C8EA4AF-AEAA-6798-3D01-B7FCCD52CDF3}.Release|Any CPU.ActiveCfg = Release|Any CPU
		{1C8EA4AF-AEAA-6798-3D01-B7FCCD52CDF3}.Release|Any CPU.Build.0 = Release|Any CPU
		{D7B74B77-97C0-5E27-6FD6-E9C1543274A3}.Debug|Any CPU.ActiveCfg = Debug|Any CPU
		{D7B74B77-97C0-5E27-6FD6-E9C1543274A3}.Debug|Any CPU.Build.0 = Debug|Any CPU
		{D7B74B77-97C0-5E27-6FD6-E9C1543274A3}.Release|Any CPU.ActiveCfg = Release|Any CPU
		{D7B74B77-97C0-5E27-6FD6-E9C1543274A3}.Release|Any CPU.Build.0 = Release|Any CPU
		{D3B4870F-A148-D61D-90A4-507AF4121584}.Debug|Any CPU.ActiveCfg = Debug|Any CPU
		{D3B4870F-A148-D61D-90A4-507AF4121584}.Debug|Any CPU.Build.0 = Debug|Any CPU
		{D3B4870F-A148-D61D-90A4-507AF4121584}.Release|Any CPU.ActiveCfg = Release|Any CPU
		{D3B4870F-A148-D61D-90A4-507AF4121584}.Release|Any CPU.Build.0 = Release|Any CPU
		{6631DD11-E994-0DD0-1011-01E81897C747}.Debug|Any CPU.ActiveCfg = Debug|Any CPU
		{6631DD11-E994-0DD0-1011-01E81897C747}.Debug|Any CPU.Build.0 = Debug|Any CPU
		{6631DD11-E994-0DD0-1011-01E81897C747}.Release|Any CPU.ActiveCfg = Release|Any CPU
		{6631DD11-E994-0DD0-1011-01E81897C747}.Release|Any CPU.Build.0 = Release|Any CPU
	EndGlobalSection
	GlobalSection(SolutionProperties) = preSolution
		HideSolutionNode = FALSE
	EndGlobalSection
EndGlobal
